
Microsoft Visual Studio Solution File, Format Version 12.00
# Visual Studio Version 17
VisualStudioVersion = 17.0.31717.71
MinimumVisualStudioVersion = 10.0.40219.1
Project("{2150E333-8FDC-42A3-9474-1A3956D46DE8}") = "1 - Presentation Layer", "1 - Presentation Layer", "{5140AAB6-CA87-46FB-B404-533FF72EEB92}"
EndProject
Project("{2150E333-8FDC-42A3-9474-1A3956D46DE8}") = "2 - Repository Layer", "2 - Repository Layer", "{5163A959-14B0-41C9-B915-676DD934D6B8}"
EndProject
Project("{9A19103F-16F7-4668-BE54-9A1E7A4F7556}") = "Projeto.Presentation", "Projeto.Presentation\Projeto.Presentation.csproj", "{FA4B2108-7588-4946-88D7-3055AFFAC94A}"
EndProject
Project("{FAE04EC0-301F-11D3-BF4B-00C04F79EFBC}") = "Projeto.Infra.Data", "Projeto.Infra.Data\Projeto.Infra.Data.csproj", "{2CCD2EB4-8F25-4ACD-90CB-1ABD8C5D3438}"
EndProject
Global
	GlobalSection(SolutionConfigurationPlatforms) = preSolution
		Debug|Any CPU = Debug|Any CPU
		Release|Any CPU = Release|Any CPU
	EndGlobalSection
	GlobalSection(ProjectConfigurationPlatforms) = postSolution
		{FA4B2108-7588-4946-88D7-3055AFFAC94A}.Debug|Any CPU.ActiveCfg = Debug|Any CPU
		{FA4B2108-7588-4946-88D7-3055AFFAC94A}.Debug|Any CPU.Build.0 = Debug|Any CPU
		{FA4B2108-7588-4946-88D7-3055AFFAC94A}.Release|Any CPU.ActiveCfg = Release|Any CPU
		{FA4B2108-7588-4946-88D7-3055AFFAC94A}.Release|Any CPU.Build.0 = Release|Any CPU
		{2CCD2EB4-8F25-4ACD-90CB-1ABD8C5D3438}.Debug|Any CPU.ActiveCfg = Debug|Any CPU
		{2CCD2EB4-8F25-4ACD-90CB-1ABD8C5D3438}.Debug|Any CPU.Build.0 = Debug|Any CPU
		{2CCD2EB4-8F25-4ACD-90CB-1ABD8C5D3438}.Release|Any CPU.ActiveCfg = Release|Any CPU
		{2CCD2EB4-8F25-4ACD-90CB-1ABD8C5D3438}.Release|Any CPU.Build.0 = Release|Any CPU
	EndGlobalSection
	GlobalSection(SolutionProperties) = preSolution
		HideSolutionNode = FALSE
	EndGlobalSection
	GlobalSection(NestedProjects) = preSolution
		{FA4B2108-7588-4946-88D7-3055AFFAC94A} = {5140AAB6-CA87-46FB-B404-533FF72EEB92}
		{2CCD2EB4-8F25-4ACD-90CB-1ABD8C5D3438} = {5163A959-14B0-41C9-B915-676DD934D6B8}
	EndGlobalSection
	GlobalSection(ExtensibilityGlobals) = postSolution
		SolutionGuid = {F50B08A0-3205-4A58-B2BF-7C5F788CD21E}
	EndGlobalSection
EndGlobal
